
Microsoft Visual Studio Solution File, Format Version 12.00
# Visual Studio Version 17
VisualStudioVersion = 17.8.34525.116
MinimumVisualStudioVersion = 10.0.40219.1
Project("{FAE04EC0-301F-11D3-BF4B-00C04F79EFBC}") = "todoList-winForms", "todoList-winForms.csproj", "{4ED53131-0DC1-44FE-995F-8B7A035023EA}"
EndProject
Global
	GlobalSection(SolutionConfigurationPlatforms) = preSolution
		Debug|Any CPU = Debug|Any CPU
		Release|Any CPU = Release|Any CPU
	EndGlobalSection
	GlobalSection(ProjectConfigurationPlatforms) = postSolution
		{4ED53131-0DC1-44FE-995F-8B7A035023EA}.Debug|Any CPU.ActiveCfg = Debug|Any CPU
		{4ED53131-0DC1-44FE-995F-8B7A035023EA}.Debug|Any CPU.Build.0 = Debug|Any CPU
		{4ED53131-0DC1-44FE-995F-8B7A035023EA}.Release|Any CPU.ActiveCfg = Release|Any CPU
		{4ED53131-0DC1-44FE-995F-8B7A035023EA}.Release|Any CPU.Build.0 = Release|Any CPU
	EndGlobalSection
	GlobalSection(SolutionProperties) = preSolution
		HideSolutionNode = FALSE
	EndGlobalSection
	GlobalSection(ExtensibilityGlobals) = postSolution
		SolutionGuid = {6B77A481-91B3-4DCD-9995-5A4710D97304}
	EndGlobalSection
EndGlobal
